// !$*UTF8*$!
{
	archiveVersion = 1;
	classes = {
	};
	objectVersion = 46;
	objects = {

/* Begin PBXBuildFile section */
		05EBD655B6FF489F92D16135 /* libPods.a in Frameworks */ = {isa = PBXBuildFile; fileRef = 3039A285F0A44334B3A12BEF /* libPods.a */; };
		9B14087519312A10007DA34A /* Settings.bundle in Resources */ = {isa = PBXBuildFile; fileRef = 9B14087419312A10007DA34A /* Settings.bundle */; };
		9B1D6F4219CDCE52000B65E7 /* Main.storyboard in Resources */ = {isa = PBXBuildFile; fileRef = 9B2A213118F5D3A20000B53B /* Main.storyboard */; };
		9B2A212018F5D3A20000B53B /* Foundation.framework in Frameworks */ = {isa = PBXBuildFile; fileRef = 9B2A211F18F5D3A20000B53B /* Foundation.framework */; };
		9B2A212218F5D3A20000B53B /* CoreGraphics.framework in Frameworks */ = {isa = PBXBuildFile; fileRef = 9B2A212118F5D3A20000B53B /* CoreGraphics.framework */; };
		9B2A212418F5D3A20000B53B /* UIKit.framework in Frameworks */ = {isa = PBXBuildFile; fileRef = 9B2A212318F5D3A20000B53B /* UIKit.framework */; };
		9B2A212C18F5D3A20000B53B /* main.m in Sources */ = {isa = PBXBuildFile; fileRef = 9B2A212B18F5D3A20000B53B /* main.m */; };
		9B2A213018F5D3A20000B53B /* AVNAppDelegate.m in Sources */ = {isa = PBXBuildFile; fileRef = 9B2A212F18F5D3A20000B53B /* AVNAppDelegate.m */; };
		9B2A213618F5D3A20000B53B /* AVNRouteListViewController.m in Sources */ = {isa = PBXBuildFile; fileRef = 9B2A213518F5D3A20000B53B /* AVNRouteListViewController.m */; };
		9B2A213918F5D3A20000B53B /* AVNRouteDetailViewController.m in Sources */ = {isa = PBXBuildFile; fileRef = 9B2A213818F5D3A20000B53B /* AVNRouteDetailViewController.m */; };
		9B2A214318F5D3A20000B53B /* Foundation.framework in Frameworks */ = {isa = PBXBuildFile; fileRef = 9B2A211F18F5D3A20000B53B /* Foundation.framework */; };
		9B2A214418F5D3A20000B53B /* UIKit.framework in Frameworks */ = {isa = PBXBuildFile; fileRef = 9B2A212318F5D3A20000B53B /* UIKit.framework */; };
		9B2A214E18F5D3A20000B53B /* AVNTests.m in Sources */ = {isa = PBXBuildFile; fileRef = 9B2A214D18F5D3A20000B53B /* AVNTests.m */; };
		9B2A215E18F5EE470000B53B /* CoreLocation.framework in Frameworks */ = {isa = PBXBuildFile; fileRef = 9B2A215D18F5EE470000B53B /* CoreLocation.framework */; };
		9B36F6E9195485B700D36CE6 /* AVNRouteListTableViewCell.m in Sources */ = {isa = PBXBuildFile; fileRef = 9B36F6E8195485B700D36CE6 /* AVNRouteListTableViewCell.m */; };
		9B39EAE4195470C600A2E497 /* Images.xcassets in Resources */ = {isa = PBXBuildFile; fileRef = 9B39EAE3195470C600A2E497 /* Images.xcassets */; };
		9B3B519F18F6A0540066D315 /* AVNRoute.m in Sources */ = {isa = PBXBuildFile; fileRef = 9B3B519E18F6A0540066D315 /* AVNRoute.m */; };
		9B5389251947EABB00D4D9C7 /* AVNMapViewController.m in Sources */ = {isa = PBXBuildFile; fileRef = 9B5389241947EABB00D4D9C7 /* AVNMapViewController.m */; };
		9B69A97819D0961000313DE0 /* AVNWaypointMapViewController.m in Sources */ = {isa = PBXBuildFile; fileRef = 9B69A97719D0961000313DE0 /* AVNWaypointMapViewController.m */; };
		9B7297C818F9DED900D1A95E /* AVNWaypointViewController.m in Sources */ = {isa = PBXBuildFile; fileRef = 9B7297C718F9DED900D1A95E /* AVNWaypointViewController.m */; };
		9B7297CB18F9E3AB00D1A95E /* AVNWaypoint.m in Sources */ = {isa = PBXBuildFile; fileRef = 9B7297CA18F9E3AB00D1A95E /* AVNWaypoint.m */; };
		9B7297CF18F9E57C00D1A95E /* AVNHTTPRequestFactory.m in Sources */ = {isa = PBXBuildFile; fileRef = 9B7297CE18F9E57C00D1A95E /* AVNHTTPRequestFactory.m */; };
		9B7B5B7119070DCF000882E7 /* AVNRootViewController.m in Sources */ = {isa = PBXBuildFile; fileRef = 9B7B5B7019070DCF000882E7 /* AVNRootViewController.m */; };
		9B9921251909571E009AC8EF /* AVNAboutViewController.m in Sources */ = {isa = PBXBuildFile; fileRef = 9B9921241909571E009AC8EF /* AVNAboutViewController.m */; };
		9B992128190957CD009AC8EF /* AVNNewsTableViewController.m in Sources */ = {isa = PBXBuildFile; fileRef = 9B992127190957CD009AC8EF /* AVNNewsTableViewController.m */; };
		9BBBA611192D207700BC372D /* AVNNewsItem.m in Sources */ = {isa = PBXBuildFile; fileRef = 9BBBA610192D207700BC372D /* AVNNewsItem.m */; };
		9BBBA614192D280C00BC372D /* AVNNewsItemDetailViewController.m in Sources */ = {isa = PBXBuildFile; fileRef = 9BBBA613192D280C00BC372D /* AVNNewsItemDetailViewController.m */; };
		9BC2868619D9E17F002D33B8 /* app.css in Resources */ = {isa = PBXBuildFile; fileRef = 9BC2868419D9E17F002D33B8 /* app.css */; };
		9BC2868719D9E17F002D33B8 /* about_avn.html in Resources */ = {isa = PBXBuildFile; fileRef = 9BC2868519D9E17F002D33B8 /* about_avn.html */; };
		9BCBD973194C4E790038F6F3 /* AVNNewsTableViewCell.m in Sources */ = {isa = PBXBuildFile; fileRef = 9BCBD972194C4E790038F6F3 /* AVNNewsTableViewCell.m */; };
		9BE4E48B1927EFEC0021CEE4 /* MapKit.framework in Frameworks */ = {isa = PBXBuildFile; fileRef = 9BE4E48A1927EFEC0021CEE4 /* MapKit.framework */; };
		9BF0F48E1948F13200E6F7D5 /* KMLAbstractGeometry+MapKit.m in Sources */ = {isa = PBXBuildFile; fileRef = 9BF0F4771948F13200E6F7D5 /* KMLAbstractGeometry+MapKit.m */; };
		9BF0F48F1948F13200E6F7D5 /* KMLLineString+MapKit.m in Sources */ = {isa = PBXBuildFile; fileRef = 9BF0F4791948F13200E6F7D5 /* KMLLineString+MapKit.m */; };
		9BF0F4901948F13200E6F7D5 /* KMLPlacemark+MapKit.m in Sources */ = {isa = PBXBuildFile; fileRef = 9BF0F47B1948F13200E6F7D5 /* KMLPlacemark+MapKit.m */; };
		9BF0F4911948F13200E6F7D5 /* KMLPoint+MapKit.m in Sources */ = {isa = PBXBuildFile; fileRef = 9BF0F47D1948F13200E6F7D5 /* KMLPoint+MapKit.m */; };
		9BF0F4921948F13200E6F7D5 /* KMLPolygon+MapKit.m in Sources */ = {isa = PBXBuildFile; fileRef = 9BF0F47F1948F13200E6F7D5 /* KMLPolygon+MapKit.m */; };
		9BF0F4931948F13200E6F7D5 /* KMLRoot+MapKit.m in Sources */ = {isa = PBXBuildFile; fileRef = 9BF0F4811948F13200E6F7D5 /* KMLRoot+MapKit.m */; };
		9BF0F4941948F13200E6F7D5 /* MKAnnotationView+KML.m in Sources */ = {isa = PBXBuildFile; fileRef = 9BF0F4841948F13200E6F7D5 /* MKAnnotationView+KML.m */; };
		9BF0F4951948F13200E6F7D5 /* MKOverlayView+KML.m in Sources */ = {isa = PBXBuildFile; fileRef = 9BF0F4871948F13200E6F7D5 /* MKOverlayView+KML.m */; };
		9BF0F4961948F13200E6F7D5 /* MKPolygonView+KML.m in Sources */ = {isa = PBXBuildFile; fileRef = 9BF0F4891948F13200E6F7D5 /* MKPolygonView+KML.m */; };
		9BF0F4971948F13200E6F7D5 /* MKPolylineView+KML.m in Sources */ = {isa = PBXBuildFile; fileRef = 9BF0F48B1948F13200E6F7D5 /* MKPolylineView+KML.m */; };
		9BF0F4981948F13200E6F7D5 /* MKShape+KML.m in Sources */ = {isa = PBXBuildFile; fileRef = 9BF0F48D1948F13200E6F7D5 /* MKShape+KML.m */; };
		9BF9EE1F1933B93500E5E9D6 /* SystemConfiguration.framework in Frameworks */ = {isa = PBXBuildFile; fileRef = 9BF9EE1E1933B93500E5E9D6 /* SystemConfiguration.framework */; };
		9BF9EE211933B94400E5E9D6 /* MobileCoreServices.framework in Frameworks */ = {isa = PBXBuildFile; fileRef = 9BF9EE201933B94400E5E9D6 /* MobileCoreServices.framework */; };
/* End PBXBuildFile section */

/* Begin PBXContainerItemProxy section */
		9B2A214518F5D3A20000B53B /* PBXContainerItemProxy */ = {
			isa = PBXContainerItemProxy;
			containerPortal = 9B2A211418F5D3A20000B53B /* Project object */;
			proxyType = 1;
			remoteGlobalIDString = 9B2A211B18F5D3A20000B53B;
			remoteInfo = AVN;
		};
/* End PBXContainerItemProxy section */

/* Begin PBXFileReference section */
		3039A285F0A44334B3A12BEF /* libPods.a */ = {isa = PBXFileReference; explicitFileType = archive.ar; includeInIndex = 0; path = libPods.a; sourceTree = BUILT_PRODUCTS_DIR; };
		338A18DE3677493C920D6C03 /* libPods-AVNTests.a */ = {isa = PBXFileReference; explicitFileType = archive.ar; includeInIndex = 0; path = "libPods-AVNTests.a"; sourceTree = BUILT_PRODUCTS_DIR; };
		70114D3A43549DC23DFC2A05 /* Pods.debug.xcconfig */ = {isa = PBXFileReference; includeInIndex = 1; lastKnownFileType = text.xcconfig; name = Pods.debug.xcconfig; path = "Pods/Target Support Files/Pods/Pods.debug.xcconfig"; sourceTree = "<group>"; };
		9B14087419312A10007DA34A /* Settings.bundle */ = {isa = PBXFileReference; lastKnownFileType = "wrapper.plug-in"; path = Settings.bundle; sourceTree = "<group>"; };
		9B2A211C18F5D3A20000B53B /* AVN.app */ = {isa = PBXFileReference; explicitFileType = wrapper.application; includeInIndex = 0; path = AVN.app; sourceTree = BUILT_PRODUCTS_DIR; };
		9B2A211F18F5D3A20000B53B /* Foundation.framework */ = {isa = PBXFileReference; lastKnownFileType = wrapper.framework; name = Foundation.framework; path = System/Library/Frameworks/Foundation.framework; sourceTree = SDKROOT; };
		9B2A212118F5D3A20000B53B /* CoreGraphics.framework */ = {isa = PBXFileReference; lastKnownFileType = wrapper.framework; name = CoreGraphics.framework; path = System/Library/Frameworks/CoreGraphics.framework; sourceTree = SDKROOT; };
		9B2A212318F5D3A20000B53B /* UIKit.framework */ = {isa = PBXFileReference; lastKnownFileType = wrapper.framework; name = UIKit.framework; path = System/Library/Frameworks/UIKit.framework; sourceTree = SDKROOT; };
		9B2A212718F5D3A20000B53B /* AVN-Info.plist */ = {isa = PBXFileReference; lastKnownFileType = text.plist.xml; path = "AVN-Info.plist"; sourceTree = "<group>"; };
		9B2A212B18F5D3A20000B53B /* main.m */ = {isa = PBXFileReference; lastKnownFileType = sourcecode.c.objc; path = main.m; sourceTree = "<group>"; };
		9B2A212D18F5D3A20000B53B /* AVN-Prefix.pch */ = {isa = PBXFileReference; lastKnownFileType = sourcecode.c.h; path = "AVN-Prefix.pch"; sourceTree = "<group>"; };
		9B2A212E18F5D3A20000B53B /* AVNAppDelegate.h */ = {isa = PBXFileReference; lastKnownFileType = sourcecode.c.h; path = AVNAppDelegate.h; sourceTree = "<group>"; };
		9B2A212F18F5D3A20000B53B /* AVNAppDelegate.m */ = {isa = PBXFileReference; lastKnownFileType = sourcecode.c.objc; path = AVNAppDelegate.m; sourceTree = "<group>"; };
		9B2A213218F5D3A20000B53B /* Base */ = {isa = PBXFileReference; lastKnownFileType = file.storyboard; name = Base; path = Base.lproj/Main.storyboard; sourceTree = "<group>"; };
		9B2A213418F5D3A20000B53B /* AVNRouteListViewController.h */ = {isa = PBXFileReference; lastKnownFileType = sourcecode.c.h; path = AVNRouteListViewController.h; sourceTree = "<group>"; };
		9B2A213518F5D3A20000B53B /* AVNRouteListViewController.m */ = {isa = PBXFileReference; lastKnownFileType = sourcecode.c.objc; path = AVNRouteListViewController.m; sourceTree = "<group>"; };
		9B2A213718F5D3A20000B53B /* AVNRouteDetailViewController.h */ = {isa = PBXFileReference; lastKnownFileType = sourcecode.c.h; path = AVNRouteDetailViewController.h; sourceTree = "<group>"; };
		9B2A213818F5D3A20000B53B /* AVNRouteDetailViewController.m */ = {isa = PBXFileReference; lastKnownFileType = sourcecode.c.objc; path = AVNRouteDetailViewController.m; sourceTree = "<group>"; };
		9B2A214018F5D3A20000B53B /* AVNTests.xctest */ = {isa = PBXFileReference; explicitFileType = wrapper.cfbundle; includeInIndex = 0; path = AVNTests.xctest; sourceTree = BUILT_PRODUCTS_DIR; };
		9B2A214118F5D3A20000B53B /* XCTest.framework */ = {isa = PBXFileReference; lastKnownFileType = wrapper.framework; name = XCTest.framework; path = Library/Frameworks/XCTest.framework; sourceTree = DEVELOPER_DIR; };
		9B2A214918F5D3A20000B53B /* AVNTests-Info.plist */ = {isa = PBXFileReference; lastKnownFileType = text.plist.xml; path = "AVNTests-Info.plist"; sourceTree = "<group>"; };
		9B2A214D18F5D3A20000B53B /* AVNTests.m */ = {isa = PBXFileReference; lastKnownFileType = sourcecode.c.objc; path = AVNTests.m; sourceTree = "<group>"; };
		9B2A215D18F5EE470000B53B /* CoreLocation.framework */ = {isa = PBXFileReference; lastKnownFileType = wrapper.framework; name = CoreLocation.framework; path = System/Library/Frameworks/CoreLocation.framework; sourceTree = SDKROOT; };
		9B36F6E7195485B700D36CE6 /* AVNRouteListTableViewCell.h */ = {isa = PBXFileReference; fileEncoding = 4; lastKnownFileType = sourcecode.c.h; path = AVNRouteListTableViewCell.h; sourceTree = "<group>"; };
		9B36F6E8195485B700D36CE6 /* AVNRouteListTableViewCell.m */ = {isa = PBXFileReference; fileEncoding = 4; lastKnownFileType = sourcecode.c.objc; path = AVNRouteListTableViewCell.m; sourceTree = "<group>"; };
		9B39EAE3195470C600A2E497 /* Images.xcassets */ = {isa = PBXFileReference; lastKnownFileType = folder.assetcatalog; path = Images.xcassets; sourceTree = "<group>"; };
		9B3B519718F69D9D0066D315 /* Podfile */ = {isa = PBXFileReference; fileEncoding = 4; lastKnownFileType = text; path = Podfile; sourceTree = SOURCE_ROOT; xcLanguageSpecificationIdentifier = xcode.lang.ruby; };
		9B3B519D18F6A0540066D315 /* AVNRoute.h */ = {isa = PBXFileReference; fileEncoding = 4; lastKnownFileType = sourcecode.c.h; path = AVNRoute.h; sourceTree = "<group>"; };
		9B3B519E18F6A0540066D315 /* AVNRoute.m */ = {isa = PBXFileReference; fileEncoding = 4; lastKnownFileType = sourcecode.c.objc; path = AVNRoute.m; sourceTree = "<group>"; };
		9B5389231947EABB00D4D9C7 /* AVNMapViewController.h */ = {isa = PBXFileReference; fileEncoding = 4; lastKnownFileType = sourcecode.c.h; path = AVNMapViewController.h; sourceTree = "<group>"; };
		9B5389241947EABB00D4D9C7 /* AVNMapViewController.m */ = {isa = PBXFileReference; fileEncoding = 4; lastKnownFileType = sourcecode.c.objc; path = AVNMapViewController.m; sourceTree = "<group>"; };
		9B69A97619D0961000313DE0 /* AVNWaypointMapViewController.h */ = {isa = PBXFileReference; fileEncoding = 4; lastKnownFileType = sourcecode.c.h; path = AVNWaypointMapViewController.h; sourceTree = "<group>"; };
		9B69A97719D0961000313DE0 /* AVNWaypointMapViewController.m */ = {isa = PBXFileReference; fileEncoding = 4; lastKnownFileType = sourcecode.c.objc; path = AVNWaypointMapViewController.m; sourceTree = "<group>"; };
		9B7297C618F9DED900D1A95E /* AVNWaypointViewController.h */ = {isa = PBXFileReference; fileEncoding = 4; lastKnownFileType = sourcecode.c.h; path = AVNWaypointViewController.h; sourceTree = "<group>"; };
		9B7297C718F9DED900D1A95E /* AVNWaypointViewController.m */ = {isa = PBXFileReference; fileEncoding = 4; lastKnownFileType = sourcecode.c.objc; path = AVNWaypointViewController.m; sourceTree = "<group>"; };
		9B7297C918F9E3AB00D1A95E /* AVNWaypoint.h */ = {isa = PBXFileReference; fileEncoding = 4; lastKnownFileType = sourcecode.c.h; path = AVNWaypoint.h; sourceTree = "<group>"; };
		9B7297CA18F9E3AB00D1A95E /* AVNWaypoint.m */ = {isa = PBXFileReference; fileEncoding = 4; lastKnownFileType = sourcecode.c.objc; path = AVNWaypoint.m; sourceTree = "<group>"; };
		9B7297CD18F9E57C00D1A95E /* AVNHTTPRequestFactory.h */ = {isa = PBXFileReference; fileEncoding = 4; lastKnownFileType = sourcecode.c.h; path = AVNHTTPRequestFactory.h; sourceTree = "<group>"; };
		9B7297CE18F9E57C00D1A95E /* AVNHTTPRequestFactory.m */ = {isa = PBXFileReference; fileEncoding = 4; lastKnownFileType = sourcecode.c.objc; path = AVNHTTPRequestFactory.m; sourceTree = "<group>"; };
		9B7B5B6F19070DCE000882E7 /* AVNRootViewController.h */ = {isa = PBXFileReference; fileEncoding = 4; lastKnownFileType = sourcecode.c.h; path = AVNRootViewController.h; sourceTree = "<group>"; };
		9B7B5B7019070DCF000882E7 /* AVNRootViewController.m */ = {isa = PBXFileReference; fileEncoding = 4; lastKnownFileType = sourcecode.c.objc; path = AVNRootViewController.m; sourceTree = "<group>"; };
		9B9921231909571E009AC8EF /* AVNAboutViewController.h */ = {isa = PBXFileReference; fileEncoding = 4; lastKnownFileType = sourcecode.c.h; path = AVNAboutViewController.h; sourceTree = "<group>"; };
		9B9921241909571E009AC8EF /* AVNAboutViewController.m */ = {isa = PBXFileReference; fileEncoding = 4; lastKnownFileType = sourcecode.c.objc; path = AVNAboutViewController.m; sourceTree = "<group>"; };
		9B992126190957CD009AC8EF /* AVNNewsTableViewController.h */ = {isa = PBXFileReference; fileEncoding = 4; lastKnownFileType = sourcecode.c.h; path = AVNNewsTableViewController.h; sourceTree = "<group>"; };
		9B992127190957CD009AC8EF /* AVNNewsTableViewController.m */ = {isa = PBXFileReference; fileEncoding = 4; lastKnownFileType = sourcecode.c.objc; path = AVNNewsTableViewController.m; sourceTree = "<group>"; };
		9BBBA60F192D207700BC372D /* AVNNewsItem.h */ = {isa = PBXFileReference; fileEncoding = 4; lastKnownFileType = sourcecode.c.h; path = AVNNewsItem.h; sourceTree = "<group>"; };
		9BBBA610192D207700BC372D /* AVNNewsItem.m */ = {isa = PBXFileReference; fileEncoding = 4; lastKnownFileType = sourcecode.c.objc; path = AVNNewsItem.m; sourceTree = "<group>"; };
		9BBBA612192D280C00BC372D /* AVNNewsItemDetailViewController.h */ = {isa = PBXFileReference; fileEncoding = 4; lastKnownFileType = sourcecode.c.h; path = AVNNewsItemDetailViewController.h; sourceTree = "<group>"; };
		9BBBA613192D280C00BC372D /* AVNNewsItemDetailViewController.m */ = {isa = PBXFileReference; fileEncoding = 4; lastKnownFileType = sourcecode.c.objc; path = AVNNewsItemDetailViewController.m; sourceTree = "<group>"; };
		9BC2868419D9E17F002D33B8 /* app.css */ = {isa = PBXFileReference; fileEncoding = 4; lastKnownFileType = text.css; name = app.css; path = include/app.css; sourceTree = "<group>"; };
		9BC2868519D9E17F002D33B8 /* about_avn.html */ = {isa = PBXFileReference; fileEncoding = 4; lastKnownFileType = text.html; path = about_avn.html; sourceTree = "<group>"; };
		9BCBD971194C4E790038F6F3 /* AVNNewsTableViewCell.h */ = {isa = PBXFileReference; fileEncoding = 4; lastKnownFileType = sourcecode.c.h; path = AVNNewsTableViewCell.h; sourceTree = "<group>"; };
		9BCBD972194C4E790038F6F3 /* AVNNewsTableViewCell.m */ = {isa = PBXFileReference; fileEncoding = 4; lastKnownFileType = sourcecode.c.objc; path = AVNNewsTableViewCell.m; sourceTree = "<group>"; };
		9BE4E48A1927EFEC0021CEE4 /* MapKit.framework */ = {isa = PBXFileReference; lastKnownFileType = wrapper.framework; name = MapKit.framework; path = System/Library/Frameworks/MapKit.framework; sourceTree = SDKROOT; };
		9BF0F4731948E2B000E6F7D5 /* Storyboard.h */ = {isa = PBXFileReference; lastKnownFileType = sourcecode.c.h; path = Storyboard.h; sourceTree = "<group>"; };
		9BF0F4751948F13200E6F7D5 /* KML+MapKit.h */ = {isa = PBXFileReference; fileEncoding = 4; lastKnownFileType = sourcecode.c.h; path = "KML+MapKit.h"; sourceTree = "<group>"; };
		9BF0F4761948F13200E6F7D5 /* KMLAbstractGeometry+MapKit.h */ = {isa = PBXFileReference; fileEncoding = 4; lastKnownFileType = sourcecode.c.h; path = "KMLAbstractGeometry+MapKit.h"; sourceTree = "<group>"; };
		9BF0F4771948F13200E6F7D5 /* KMLAbstractGeometry+MapKit.m */ = {isa = PBXFileReference; fileEncoding = 4; lastKnownFileType = sourcecode.c.objc; path = "KMLAbstractGeometry+MapKit.m"; sourceTree = "<group>"; };
		9BF0F4781948F13200E6F7D5 /* KMLLineString+MapKit.h */ = {isa = PBXFileReference; fileEncoding = 4; lastKnownFileType = sourcecode.c.h; path = "KMLLineString+MapKit.h"; sourceTree = "<group>"; };
		9BF0F4791948F13200E6F7D5 /* KMLLineString+MapKit.m */ = {isa = PBXFileReference; fileEncoding = 4; lastKnownFileType = sourcecode.c.objc; path = "KMLLineString+MapKit.m"; sourceTree = "<group>"; };
		9BF0F47A1948F13200E6F7D5 /* KMLPlacemark+MapKit.h */ = {isa = PBXFileReference; fileEncoding = 4; lastKnownFileType = sourcecode.c.h; path = "KMLPlacemark+MapKit.h"; sourceTree = "<group>"; };
		9BF0F47B1948F13200E6F7D5 /* KMLPlacemark+MapKit.m */ = {isa = PBXFileReference; fileEncoding = 4; lastKnownFileType = sourcecode.c.objc; path = "KMLPlacemark+MapKit.m"; sourceTree = "<group>"; };
		9BF0F47C1948F13200E6F7D5 /* KMLPoint+MapKit.h */ = {isa = PBXFileReference; fileEncoding = 4; lastKnownFileType = sourcecode.c.h; path = "KMLPoint+MapKit.h"; sourceTree = "<group>"; };
		9BF0F47D1948F13200E6F7D5 /* KMLPoint+MapKit.m */ = {isa = PBXFileReference; fileEncoding = 4; lastKnownFileType = sourcecode.c.objc; path = "KMLPoint+MapKit.m"; sourceTree = "<group>"; };
		9BF0F47E1948F13200E6F7D5 /* KMLPolygon+MapKit.h */ = {isa = PBXFileReference; fileEncoding = 4; lastKnownFileType = sourcecode.c.h; path = "KMLPolygon+MapKit.h"; sourceTree = "<group>"; };
		9BF0F47F1948F13200E6F7D5 /* KMLPolygon+MapKit.m */ = {isa = PBXFileReference; fileEncoding = 4; lastKnownFileType = sourcecode.c.objc; path = "KMLPolygon+MapKit.m"; sourceTree = "<group>"; };
		9BF0F4801948F13200E6F7D5 /* KMLRoot+MapKit.h */ = {isa = PBXFileReference; fileEncoding = 4; lastKnownFileType = sourcecode.c.h; path = "KMLRoot+MapKit.h"; sourceTree = "<group>"; };
		9BF0F4811948F13200E6F7D5 /* KMLRoot+MapKit.m */ = {isa = PBXFileReference; fileEncoding = 4; lastKnownFileType = sourcecode.c.objc; path = "KMLRoot+MapKit.m"; sourceTree = "<group>"; };
		9BF0F4831948F13200E6F7D5 /* MKAnnotationView+KML.h */ = {isa = PBXFileReference; fileEncoding = 4; lastKnownFileType = sourcecode.c.h; path = "MKAnnotationView+KML.h"; sourceTree = "<group>"; };
		9BF0F4841948F13200E6F7D5 /* MKAnnotationView+KML.m */ = {isa = PBXFileReference; fileEncoding = 4; lastKnownFileType = sourcecode.c.objc; path = "MKAnnotationView+KML.m"; sourceTree = "<group>"; };
		9BF0F4851948F13200E6F7D5 /* MKMap+KML.h */ = {isa = PBXFileReference; fileEncoding = 4; lastKnownFileType = sourcecode.c.h; path = "MKMap+KML.h"; sourceTree = "<group>"; };
		9BF0F4861948F13200E6F7D5 /* MKOverlayView+KML.h */ = {isa = PBXFileReference; fileEncoding = 4; lastKnownFileType = sourcecode.c.h; path = "MKOverlayView+KML.h"; sourceTree = "<group>"; };
		9BF0F4871948F13200E6F7D5 /* MKOverlayView+KML.m */ = {isa = PBXFileReference; fileEncoding = 4; lastKnownFileType = sourcecode.c.objc; path = "MKOverlayView+KML.m"; sourceTree = "<group>"; };
		9BF0F4881948F13200E6F7D5 /* MKPolygonView+KML.h */ = {isa = PBXFileReference; fileEncoding = 4; lastKnownFileType = sourcecode.c.h; path = "MKPolygonView+KML.h"; sourceTree = "<group>"; };
		9BF0F4891948F13200E6F7D5 /* MKPolygonView+KML.m */ = {isa = PBXFileReference; fileEncoding = 4; lastKnownFileType = sourcecode.c.objc; path = "MKPolygonView+KML.m"; sourceTree = "<group>"; };
		9BF0F48A1948F13200E6F7D5 /* MKPolylineView+KML.h */ = {isa = PBXFileReference; fileEncoding = 4; lastKnownFileType = sourcecode.c.h; path = "MKPolylineView+KML.h"; sourceTree = "<group>"; };
		9BF0F48B1948F13200E6F7D5 /* MKPolylineView+KML.m */ = {isa = PBXFileReference; fileEncoding = 4; lastKnownFileType = sourcecode.c.objc; path = "MKPolylineView+KML.m"; sourceTree = "<group>"; };
		9BF0F48C1948F13200E6F7D5 /* MKShape+KML.h */ = {isa = PBXFileReference; fileEncoding = 4; lastKnownFileType = sourcecode.c.h; path = "MKShape+KML.h"; sourceTree = "<group>"; };
		9BF0F48D1948F13200E6F7D5 /* MKShape+KML.m */ = {isa = PBXFileReference; fileEncoding = 4; lastKnownFileType = sourcecode.c.objc; path = "MKShape+KML.m"; sourceTree = "<group>"; };
		9BF9EE1E1933B93500E5E9D6 /* SystemConfiguration.framework */ = {isa = PBXFileReference; lastKnownFileType = wrapper.framework; name = SystemConfiguration.framework; path = System/Library/Frameworks/SystemConfiguration.framework; sourceTree = SDKROOT; };
		9BF9EE201933B94400E5E9D6 /* MobileCoreServices.framework */ = {isa = PBXFileReference; lastKnownFileType = wrapper.framework; name = MobileCoreServices.framework; path = System/Library/Frameworks/MobileCoreServices.framework; sourceTree = SDKROOT; };
		E919D372DFFCFDB56165994D /* Pods.release.xcconfig */ = {isa = PBXFileReference; includeInIndex = 1; lastKnownFileType = text.xcconfig; name = Pods.release.xcconfig; path = "Pods/Target Support Files/Pods/Pods.release.xcconfig"; sourceTree = "<group>"; };
/* End PBXFileReference section */

/* Begin PBXFrameworksBuildPhase section */
		9B2A211918F5D3A20000B53B /* Frameworks */ = {
			isa = PBXFrameworksBuildPhase;
			buildActionMask = 2147483647;
			files = (
				9BF9EE211933B94400E5E9D6 /* MobileCoreServices.framework in Frameworks */,
				9BF9EE1F1933B93500E5E9D6 /* SystemConfiguration.framework in Frameworks */,
				9B2A215E18F5EE470000B53B /* CoreLocation.framework in Frameworks */,
				9B2A212218F5D3A20000B53B /* CoreGraphics.framework in Frameworks */,
				9B2A212418F5D3A20000B53B /* UIKit.framework in Frameworks */,
				9B2A212018F5D3A20000B53B /* Foundation.framework in Frameworks */,
				9BE4E48B1927EFEC0021CEE4 /* MapKit.framework in Frameworks */,
				05EBD655B6FF489F92D16135 /* libPods.a in Frameworks */,
			);
			runOnlyForDeploymentPostprocessing = 0;
		};
		9B2A213D18F5D3A20000B53B /* Frameworks */ = {
			isa = PBXFrameworksBuildPhase;
			buildActionMask = 2147483647;
			files = (
				9B2A214418F5D3A20000B53B /* UIKit.framework in Frameworks */,
				9B2A214318F5D3A20000B53B /* Foundation.framework in Frameworks */,
			);
			runOnlyForDeploymentPostprocessing = 0;
		};
/* End PBXFrameworksBuildPhase section */

/* Begin PBXGroup section */
		4367D8E463D7F99A5BB248A5 /* Pods */ = {
			isa = PBXGroup;
			children = (
				70114D3A43549DC23DFC2A05 /* Pods.debug.xcconfig */,
				E919D372DFFCFDB56165994D /* Pods.release.xcconfig */,
			);
			name = Pods;
			sourceTree = "<group>";
		};
		9B2A211318F5D3A20000B53B = {
			isa = PBXGroup;
			children = (
				9B2A212518F5D3A20000B53B /* AVN */,
				9B2A214718F5D3A20000B53B /* AVNTests */,
				9B2A211E18F5D3A20000B53B /* Frameworks */,
				9B2A211D18F5D3A20000B53B /* Products */,
				4367D8E463D7F99A5BB248A5 /* Pods */,
			);
			sourceTree = "<group>";
		};
		9B2A211D18F5D3A20000B53B /* Products */ = {
			isa = PBXGroup;
			children = (
				9B2A211C18F5D3A20000B53B /* AVN.app */,
				9B2A214018F5D3A20000B53B /* AVNTests.xctest */,
			);
			name = Products;
			sourceTree = "<group>";
		};
		9B2A211E18F5D3A20000B53B /* Frameworks */ = {
			isa = PBXGroup;
			children = (
				9BF9EE201933B94400E5E9D6 /* MobileCoreServices.framework */,
				9BF9EE1E1933B93500E5E9D6 /* SystemConfiguration.framework */,
				9BE4E48A1927EFEC0021CEE4 /* MapKit.framework */,
				9B2A215D18F5EE470000B53B /* CoreLocation.framework */,
				9B2A211F18F5D3A20000B53B /* Foundation.framework */,
				9B2A212118F5D3A20000B53B /* CoreGraphics.framework */,
				9B2A212318F5D3A20000B53B /* UIKit.framework */,
				9B2A214118F5D3A20000B53B /* XCTest.framework */,
				3039A285F0A44334B3A12BEF /* libPods.a */,
				338A18DE3677493C920D6C03 /* libPods-AVNTests.a */,
			);
			name = Frameworks;
			sourceTree = "<group>";
		};
		9B2A212518F5D3A20000B53B /* AVN */ = {
			isa = PBXGroup;
			children = (
				9B2A212E18F5D3A20000B53B /* AVNAppDelegate.h */,
				9B2A212F18F5D3A20000B53B /* AVNAppDelegate.m */,
				9B3B519B18F69FF50066D315 /* Controller */,
				9B3B519A18F69FE10066D315 /* View */,
				9B3B519918F69FD40066D315 /* Model */,
				9B7297CC18F9E54D00D1A95E /* Services */,
				9B3B519C18F6A0110066D315 /* Resources */,
				9B2A212618F5D3A20000B53B /* Supporting Files */,
			);
			path = AVN;
			sourceTree = "<group>";
		};
		9B2A212618F5D3A20000B53B /* Supporting Files */ = {
			isa = PBXGroup;
			children = (
				9B3B519718F69D9D0066D315 /* Podfile */,
				9B2A212718F5D3A20000B53B /* AVN-Info.plist */,
				9B2A212B18F5D3A20000B53B /* main.m */,
				9B2A212D18F5D3A20000B53B /* AVN-Prefix.pch */,
				9BF0F4741948F13200E6F7D5 /* KML+MapKit */,
				9BF0F4821948F13200E6F7D5 /* MKMap+KML */,
			);
			name = "Supporting Files";
			sourceTree = "<group>";
		};
		9B2A214718F5D3A20000B53B /* AVNTests */ = {
			isa = PBXGroup;
			children = (
				9B2A214D18F5D3A20000B53B /* AVNTests.m */,
				9B2A214818F5D3A20000B53B /* Supporting Files */,
			);
			path = AVNTests;
			sourceTree = "<group>";
		};
		9B2A214818F5D3A20000B53B /* Supporting Files */ = {
			isa = PBXGroup;
			children = (
				9B2A214918F5D3A20000B53B /* AVNTests-Info.plist */,
			);
			name = "Supporting Files";
			sourceTree = "<group>";
		};
		9B3B519918F69FD40066D315 /* Model */ = {
			isa = PBXGroup;
			children = (
				9B3B519D18F6A0540066D315 /* AVNRoute.h */,
				9B3B519E18F6A0540066D315 /* AVNRoute.m */,
				9B7297C918F9E3AB00D1A95E /* AVNWaypoint.h */,
				9B7297CA18F9E3AB00D1A95E /* AVNWaypoint.m */,
				9BBBA60F192D207700BC372D /* AVNNewsItem.h */,
				9BBBA610192D207700BC372D /* AVNNewsItem.m */,
			);
			name = Model;
			sourceTree = "<group>";
		};
		9B3B519A18F69FE10066D315 /* View */ = {
			isa = PBXGroup;
			children = (
				9B2A213118F5D3A20000B53B /* Main.storyboard */,
				9BF0F4731948E2B000E6F7D5 /* Storyboard.h */,
				9B36F6E7195485B700D36CE6 /* AVNRouteListTableViewCell.h */,
				9B36F6E8195485B700D36CE6 /* AVNRouteListTableViewCell.m */,
				9BCBD971194C4E790038F6F3 /* AVNNewsTableViewCell.h */,
				9BCBD972194C4E790038F6F3 /* AVNNewsTableViewCell.m */,
			);
			name = View;
			sourceTree = "<group>";
		};
		9B3B519B18F69FF50066D315 /* Controller */ = {
			isa = PBXGroup;
			children = (
				9B7B5B6F19070DCE000882E7 /* AVNRootViewController.h */,
				9B7B5B7019070DCF000882E7 /* AVNRootViewController.m */,
				9B2A213418F5D3A20000B53B /* AVNRouteListViewController.h */,
				9B2A213518F5D3A20000B53B /* AVNRouteListViewController.m */,
				9B2A213718F5D3A20000B53B /* AVNRouteDetailViewController.h */,
				9B2A213818F5D3A20000B53B /* AVNRouteDetailViewController.m */,
				9B5389231947EABB00D4D9C7 /* AVNMapViewController.h */,
				9B5389241947EABB00D4D9C7 /* AVNMapViewController.m */,
				9B7297C618F9DED900D1A95E /* AVNWaypointViewController.h */,
				9B7297C718F9DED900D1A95E /* AVNWaypointViewController.m */,
				9B69A97619D0961000313DE0 /* AVNWaypointMapViewController.h */,
				9B69A97719D0961000313DE0 /* AVNWaypointMapViewController.m */,
				9B992126190957CD009AC8EF /* AVNNewsTableViewController.h */,
				9B992127190957CD009AC8EF /* AVNNewsTableViewController.m */,
				9BBBA612192D280C00BC372D /* AVNNewsItemDetailViewController.h */,
				9BBBA613192D280C00BC372D /* AVNNewsItemDetailViewController.m */,
				9B9921231909571E009AC8EF /* AVNAboutViewController.h */,
				9B9921241909571E009AC8EF /* AVNAboutViewController.m */,
			);
			name = Controller;
			sourceTree = "<group>";
		};
		9B3B519C18F6A0110066D315 /* Resources */ = {
			isa = PBXGroup;
			children = (
				9BC2868219D9E148002D33B8 /* Local HTML content */,
				9B39EAE3195470C600A2E497 /* Images.xcassets */,
				9B14087419312A10007DA34A /* Settings.bundle */,
			);
			name = Resources;
			sourceTree = "<group>";
		};
		9B7297CC18F9E54D00D1A95E /* Services */ = {
			isa = PBXGroup;
			children = (
				9B7297CD18F9E57C00D1A95E /* AVNHTTPRequestFactory.h */,
				9B7297CE18F9E57C00D1A95E /* AVNHTTPRequestFactory.m */,
			);
			name = Services;
			sourceTree = "<group>";
		};
		9BC2868219D9E148002D33B8 /* Local HTML content */ = {
			isa = PBXGroup;
			children = (
				9BC2868419D9E17F002D33B8 /* app.css */,
				9BC2868519D9E17F002D33B8 /* about_avn.html */,
			);
			name = "Local HTML content";
			sourceTree = "<group>";
		};
		9BF0F4741948F13200E6F7D5 /* KML+MapKit */ = {
			isa = PBXGroup;
			children = (
				9BF0F4751948F13200E6F7D5 /* KML+MapKit.h */,
				9BF0F4761948F13200E6F7D5 /* KMLAbstractGeometry+MapKit.h */,
				9BF0F4771948F13200E6F7D5 /* KMLAbstractGeometry+MapKit.m */,
				9BF0F4781948F13200E6F7D5 /* KMLLineString+MapKit.h */,
				9BF0F4791948F13200E6F7D5 /* KMLLineString+MapKit.m */,
				9BF0F47A1948F13200E6F7D5 /* KMLPlacemark+MapKit.h */,
				9BF0F47B1948F13200E6F7D5 /* KMLPlacemark+MapKit.m */,
				9BF0F47C1948F13200E6F7D5 /* KMLPoint+MapKit.h */,
				9BF0F47D1948F13200E6F7D5 /* KMLPoint+MapKit.m */,
				9BF0F47E1948F13200E6F7D5 /* KMLPolygon+MapKit.h */,
				9BF0F47F1948F13200E6F7D5 /* KMLPolygon+MapKit.m */,
				9BF0F4801948F13200E6F7D5 /* KMLRoot+MapKit.h */,
				9BF0F4811948F13200E6F7D5 /* KMLRoot+MapKit.m */,
			);
			path = "KML+MapKit";
			sourceTree = "<group>";
		};
		9BF0F4821948F13200E6F7D5 /* MKMap+KML */ = {
			isa = PBXGroup;
			children = (
				9BF0F4831948F13200E6F7D5 /* MKAnnotationView+KML.h */,
				9BF0F4841948F13200E6F7D5 /* MKAnnotationView+KML.m */,
				9BF0F4851948F13200E6F7D5 /* MKMap+KML.h */,
				9BF0F4861948F13200E6F7D5 /* MKOverlayView+KML.h */,
				9BF0F4871948F13200E6F7D5 /* MKOverlayView+KML.m */,
				9BF0F4881948F13200E6F7D5 /* MKPolygonView+KML.h */,
				9BF0F4891948F13200E6F7D5 /* MKPolygonView+KML.m */,
				9BF0F48A1948F13200E6F7D5 /* MKPolylineView+KML.h */,
				9BF0F48B1948F13200E6F7D5 /* MKPolylineView+KML.m */,
				9BF0F48C1948F13200E6F7D5 /* MKShape+KML.h */,
				9BF0F48D1948F13200E6F7D5 /* MKShape+KML.m */,
			);
			path = "MKMap+KML";
			sourceTree = "<group>";
		};
/* End PBXGroup section */

/* Begin PBXNativeTarget section */
		9B2A211B18F5D3A20000B53B /* AVN */ = {
			isa = PBXNativeTarget;
			buildConfigurationList = 9B2A215118F5D3A20000B53B /* Build configuration list for PBXNativeTarget "AVN" */;
			buildPhases = (
				9B0C8C081931376A0098FA4D /* ShellScript */,
				2380292FC2244B59A776F635 /* Check Pods Manifest.lock */,
				9B2A211818F5D3A20000B53B /* Sources */,
				9B2A211918F5D3A20000B53B /* Frameworks */,
				9B2A211A18F5D3A20000B53B /* Resources */,
				7354DDEFCD44456DBB9DB5FD /* Copy Pods Resources */,
			);
			buildRules = (
			);
			dependencies = (
			);
			name = AVN;
			productName = AVN;
			productReference = 9B2A211C18F5D3A20000B53B /* AVN.app */;
			productType = "com.apple.product-type.application";
		};
		9B2A213F18F5D3A20000B53B /* AVNTests */ = {
			isa = PBXNativeTarget;
			buildConfigurationList = 9B2A215418F5D3A20000B53B /* Build configuration list for PBXNativeTarget "AVNTests" */;
			buildPhases = (
				9B2A213C18F5D3A20000B53B /* Sources */,
				9B2A213D18F5D3A20000B53B /* Frameworks */,
				9B2A213E18F5D3A20000B53B /* Resources */,
			);
			buildRules = (
			);
			dependencies = (
				9B2A214618F5D3A20000B53B /* PBXTargetDependency */,
			);
			name = AVNTests;
			productName = AVNTests;
			productReference = 9B2A214018F5D3A20000B53B /* AVNTests.xctest */;
			productType = "com.apple.product-type.bundle.unit-test";
		};
/* End PBXNativeTarget section */

/* Begin PBXProject section */
		9B2A211418F5D3A20000B53B /* Project object */ = {
			isa = PBXProject;
			attributes = {
				CLASSPREFIX = AVN;
				LastTestingUpgradeCheck = 0600;
				LastUpgradeCheck = 0510;
				ORGANIZATIONNAME = AVN;
				TargetAttributes = {
					9B2A211B18F5D3A20000B53B = {
						DevelopmentTeam = 5D9U5UZG39;
						SystemCapabilities = {
							com.apple.BackgroundModes = {
								enabled = 1;
							};
							com.apple.iOS = {
								enabled = 1;
							};
						};
					};
					9B2A213F18F5D3A20000B53B = {
						TestTargetID = 9B2A211B18F5D3A20000B53B;
					};
				};
			};
			buildConfigurationList = 9B2A211718F5D3A20000B53B /* Build configuration list for PBXProject "AVN" */;
			compatibilityVersion = "Xcode 3.2";
			developmentRegion = English;
			hasScannedForEncodings = 0;
			knownRegions = (
				en,
				Base,
				nl,
			);
			mainGroup = 9B2A211318F5D3A20000B53B;
			productRefGroup = 9B2A211D18F5D3A20000B53B /* Products */;
			projectDirPath = "";
			projectRoot = "";
			targets = (
				9B2A211B18F5D3A20000B53B /* AVN */,
				9B2A213F18F5D3A20000B53B /* AVNTests */,
			);
		};
/* End PBXProject section */

/* Begin PBXResourcesBuildPhase section */
		9B2A211A18F5D3A20000B53B /* Resources */ = {
			isa = PBXResourcesBuildPhase;
			buildActionMask = 2147483647;
			files = (
				9B39EAE4195470C600A2E497 /* Images.xcassets in Resources */,
				9B14087519312A10007DA34A /* Settings.bundle in Resources */,
				9BC2868719D9E17F002D33B8 /* about_avn.html in Resources */,
				9B1D6F4219CDCE52000B65E7 /* Main.storyboard in Resources */,
				9BC2868619D9E17F002D33B8 /* app.css in Resources */,
			);
			runOnlyForDeploymentPostprocessing = 0;
		};
		9B2A213E18F5D3A20000B53B /* Resources */ = {
			isa = PBXResourcesBuildPhase;
			buildActionMask = 2147483647;
			files = (
			);
			runOnlyForDeploymentPostprocessing = 0;
		};
/* End PBXResourcesBuildPhase section */

/* Begin PBXShellScriptBuildPhase section */
		2380292FC2244B59A776F635 /* Check Pods Manifest.lock */ = {
			isa = PBXShellScriptBuildPhase;
			buildActionMask = 2147483647;
			files = (
			);
			inputPaths = (
			);
			name = "Check Pods Manifest.lock";
			outputPaths = (
			);
			runOnlyForDeploymentPostprocessing = 0;
			shellPath = /bin/sh;
			shellScript = "diff \"${PODS_ROOT}/../Podfile.lock\" \"${PODS_ROOT}/Manifest.lock\" > /dev/null\nif [[ $? != 0 ]] ; then\n    cat << EOM\nerror: The sandbox is not in sync with the Podfile.lock. Run 'pod install' or update your CocoaPods installation.\nEOM\n    exit 1\nfi\n";
			showEnvVarsInLog = 0;
		};
		7354DDEFCD44456DBB9DB5FD /* Copy Pods Resources */ = {
			isa = PBXShellScriptBuildPhase;
			buildActionMask = 2147483647;
			files = (
			);
			inputPaths = (
			);
			name = "Copy Pods Resources";
			outputPaths = (
			);
			runOnlyForDeploymentPostprocessing = 0;
			shellPath = /bin/sh;
			shellScript = "\"${SRCROOT}/Pods/Target Support Files/Pods/Pods-resources.sh\"\n";
			showEnvVarsInLog = 0;
		};
		9B0C8C081931376A0098FA4D /* ShellScript */ = {
			isa = PBXShellScriptBuildPhase;
			buildActionMask = 2147483647;
			files = (
			);
			inputPaths = (
			);
			outputPaths = (
			);
			runOnlyForDeploymentPostprocessing = 0;
			shellPath = /bin/sh;
			shellScript = "echo Pods dir:\nls -al Pods/Target\\ Support\\ Files/Pods\n            \ncp Pods/Target\\ Support\\ Files/Pods/Pods-acknowledgements.plist AVN/Settings.bundle/Acknowledgements.plist\n\n# Put version+build number from AVN-Info.plist into the Root.plist of the settings bundle\nVERSION=`cat \"$PRODUCT_SETTINGS_PATH\" | grep -A 1 \"CFBundleShortVersionString\" | grep \"string\" | sed -E 's/[a-z\\<\\>\\/[:blank:]]//g'`\nBUILDNR=`cat \"$PRODUCT_SETTINGS_PATH\" | grep -A 1 \"CFBundleVersion\" | grep \"string\" | sed -E 's/[a-z\\<\\>\\/[:blank:]]//g'`\n\nsed -i -e s/__VERSION__/${VERSION}/ \"$BUILT_PRODUCTS_DIR\"/\"$PRODUCT_NAME\".app/Settings.bundle/Root.plist\nsed -i -e s/__BUILDNR__/${BUILDNR}/ \"$BUILT_PRODUCTS_DIR\"/\"$PRODUCT_NAME\".app/Settings.bundle/Root.plist\n";
		};
/* End PBXShellScriptBuildPhase section */

/* Begin PBXSourcesBuildPhase section */
		9B2A211818F5D3A20000B53B /* Sources */ = {
			isa = PBXSourcesBuildPhase;
			buildActionMask = 2147483647;
			files = (
				9BCBD973194C4E790038F6F3 /* AVNNewsTableViewCell.m in Sources */,
				9B992128190957CD009AC8EF /* AVNNewsTableViewController.m in Sources */,
				9B5389251947EABB00D4D9C7 /* AVNMapViewController.m in Sources */,
				9BBBA611192D207700BC372D /* AVNNewsItem.m in Sources */,
				9BF0F48E1948F13200E6F7D5 /* KMLAbstractGeometry+MapKit.m in Sources */,
				9BF0F4951948F13200E6F7D5 /* MKOverlayView+KML.m in Sources */,
				9B7297CF18F9E57C00D1A95E /* AVNHTTPRequestFactory.m in Sources */,
				9BF0F48F1948F13200E6F7D5 /* KMLLineString+MapKit.m in Sources */,
				9B9921251909571E009AC8EF /* AVNAboutViewController.m in Sources */,
				9BF0F4901948F13200E6F7D5 /* KMLPlacemark+MapKit.m in Sources */,
				9B3B519F18F6A0540066D315 /* AVNRoute.m in Sources */,
				9B7297C818F9DED900D1A95E /* AVNWaypointViewController.m in Sources */,
				9BF0F4921948F13200E6F7D5 /* KMLPolygon+MapKit.m in Sources */,
				9B2A213618F5D3A20000B53B /* AVNRouteListViewController.m in Sources */,
				9BBBA614192D280C00BC372D /* AVNNewsItemDetailViewController.m in Sources */,
				9B7B5B7119070DCF000882E7 /* AVNRootViewController.m in Sources */,
				9B2A213018F5D3A20000B53B /* AVNAppDelegate.m in Sources */,
				9B2A212C18F5D3A20000B53B /* main.m in Sources */,
				9BF0F4931948F13200E6F7D5 /* KMLRoot+MapKit.m in Sources */,
				9B36F6E9195485B700D36CE6 /* AVNRouteListTableViewCell.m in Sources */,
				9BF0F4941948F13200E6F7D5 /* MKAnnotationView+KML.m in Sources */,
				9BF0F4981948F13200E6F7D5 /* MKShape+KML.m in Sources */,
				9BF0F4911948F13200E6F7D5 /* KMLPoint+MapKit.m in Sources */,
				9B2A213918F5D3A20000B53B /* AVNRouteDetailViewController.m in Sources */,
				9BF0F4971948F13200E6F7D5 /* MKPolylineView+KML.m in Sources */,
				9BF0F4961948F13200E6F7D5 /* MKPolygonView+KML.m in Sources */,
				9B69A97819D0961000313DE0 /* AVNWaypointMapViewController.m in Sources */,
				9B7297CB18F9E3AB00D1A95E /* AVNWaypoint.m in Sources */,
			);
			runOnlyForDeploymentPostprocessing = 0;
		};
		9B2A213C18F5D3A20000B53B /* Sources */ = {
			isa = PBXSourcesBuildPhase;
			buildActionMask = 2147483647;
			files = (
				9B2A214E18F5D3A20000B53B /* AVNTests.m in Sources */,
			);
			runOnlyForDeploymentPostprocessing = 0;
		};
/* End PBXSourcesBuildPhase section */

/* Begin PBXTargetDependency section */
		9B2A214618F5D3A20000B53B /* PBXTargetDependency */ = {
			isa = PBXTargetDependency;
			target = 9B2A211B18F5D3A20000B53B /* AVN */;
			targetProxy = 9B2A214518F5D3A20000B53B /* PBXContainerItemProxy */;
		};
/* End PBXTargetDependency section */

/* Begin PBXVariantGroup section */
		9B2A213118F5D3A20000B53B /* Main.storyboard */ = {
			isa = PBXVariantGroup;
			children = (
				9B2A213218F5D3A20000B53B /* Base */,
			);
			name = Main.storyboard;
			sourceTree = "<group>";
		};
/* End PBXVariantGroup section */

/* Begin XCBuildConfiguration section */
		9B2A214F18F5D3A20000B53B /* Debug */ = {
			isa = XCBuildConfiguration;
			buildSettings = {
				ALWAYS_SEARCH_USER_PATHS = NO;
				CLANG_CXX_LANGUAGE_STANDARD = "gnu++0x";
				CLANG_CXX_LIBRARY = "libc++";
				CLANG_ENABLE_MODULES = YES;
				CLANG_ENABLE_OBJC_ARC = YES;
				CLANG_WARN_BOOL_CONVERSION = YES;
				CLANG_WARN_CONSTANT_CONVERSION = YES;
				CLANG_WARN_DIRECT_OBJC_ISA_USAGE = YES_ERROR;
				CLANG_WARN_EMPTY_BODY = YES;
				CLANG_WARN_ENUM_CONVERSION = YES;
				CLANG_WARN_INT_CONVERSION = YES;
				CLANG_WARN_OBJC_ROOT_CLASS = YES_ERROR;
				CLANG_WARN__DUPLICATE_METHOD_MATCH = YES;
				"CODE_SIGN_IDENTITY[sdk=iphoneos*]" = "iPhone Developer";
				COPY_PHASE_STRIP = NO;
				GCC_C_LANGUAGE_STANDARD = gnu99;
				GCC_DYNAMIC_NO_PIC = NO;
				GCC_OPTIMIZATION_LEVEL = 0;
				GCC_PREPROCESSOR_DEFINITIONS = (
					"DEBUG=1",
					"$(inherited)",
				);
				GCC_SYMBOLS_PRIVATE_EXTERN = NO;
				GCC_WARN_64_TO_32_BIT_CONVERSION = YES;
				GCC_WARN_ABOUT_RETURN_TYPE = YES_ERROR;
				GCC_WARN_UNDECLARED_SELECTOR = YES;
				GCC_WARN_UNINITIALIZED_AUTOS = YES_AGGRESSIVE;
				GCC_WARN_UNUSED_FUNCTION = YES;
				GCC_WARN_UNUSED_VARIABLE = YES;
				IPHONEOS_DEPLOYMENT_TARGET = 6.0;
				ONLY_ACTIVE_ARCH = YES;
				SDKROOT = iphoneos;
			};
			name = Debug;
		};
		9B2A215018F5D3A20000B53B /* Release */ = {
			isa = XCBuildConfiguration;
			buildSettings = {
				ALWAYS_SEARCH_USER_PATHS = NO;
				CLANG_CXX_LANGUAGE_STANDARD = "gnu++0x";
				CLANG_CXX_LIBRARY = "libc++";
				CLANG_ENABLE_MODULES = YES;
				CLANG_ENABLE_OBJC_ARC = YES;
				CLANG_WARN_BOOL_CONVERSION = YES;
				CLANG_WARN_CONSTANT_CONVERSION = YES;
				CLANG_WARN_DIRECT_OBJC_ISA_USAGE = YES_ERROR;
				CLANG_WARN_EMPTY_BODY = YES;
				CLANG_WARN_ENUM_CONVERSION = YES;
				CLANG_WARN_INT_CONVERSION = YES;
				CLANG_WARN_OBJC_ROOT_CLASS = YES_ERROR;
				CLANG_WARN__DUPLICATE_METHOD_MATCH = YES;
				"CODE_SIGN_IDENTITY[sdk=iphoneos*]" = "iPhone Developer";
				COPY_PHASE_STRIP = YES;
				ENABLE_NS_ASSERTIONS = NO;
				GCC_C_LANGUAGE_STANDARD = gnu99;
				GCC_WARN_64_TO_32_BIT_CONVERSION = YES;
				GCC_WARN_ABOUT_RETURN_TYPE = YES_ERROR;
				GCC_WARN_UNDECLARED_SELECTOR = YES;
				GCC_WARN_UNINITIALIZED_AUTOS = YES_AGGRESSIVE;
				GCC_WARN_UNUSED_FUNCTION = YES;
				GCC_WARN_UNUSED_VARIABLE = YES;
				IPHONEOS_DEPLOYMENT_TARGET = 6.0;
				SDKROOT = iphoneos;
				VALIDATE_PRODUCT = YES;
			};
			name = Release;
		};
		9B2A215218F5D3A20000B53B /* Debug */ = {
			isa = XCBuildConfiguration;
			baseConfigurationReference = 70114D3A43549DC23DFC2A05 /* Pods.debug.xcconfig */;
			buildSettings = {
				ASSETCATALOG_COMPILER_APPICON_NAME = AppIcon;
				ASSETCATALOG_COMPILER_LAUNCHIMAGE_NAME = LaunchImage;
				CODE_SIGN_IDENTITY = "iPhone Developer";
				"CODE_SIGN_IDENTITY[sdk=iphoneos*]" = "iPhone Developer";
				GCC_PRECOMPILE_PREFIX_HEADER = YES;
				GCC_PREFIX_HEADER = "AVN/AVN-Prefix.pch";
				INFOPLIST_FILE = "AVN/AVN-Info.plist";
				IPHONEOS_DEPLOYMENT_TARGET = 6.0;
				PRODUCT_NAME = "$(TARGET_NAME)";
				PROVISIONING_PROFILE = "A586F0C0-5F39-4A5C-A722-80C488265F9E";
				WRAPPER_EXTENSION = app;
			};
			name = Debug;
		};
		9B2A215318F5D3A20000B53B /* Release */ = {
			isa = XCBuildConfiguration;
			baseConfigurationReference = E919D372DFFCFDB56165994D /* Pods.release.xcconfig */;
			buildSettings = {
				ASSETCATALOG_COMPILER_APPICON_NAME = AppIcon;
				ASSETCATALOG_COMPILER_LAUNCHIMAGE_NAME = LaunchImage;
				CODE_SIGN_IDENTITY = "iPhone Developer";
				"CODE_SIGN_IDENTITY[sdk=iphoneos*]" = "iPhone Developer";
				GCC_PRECOMPILE_PREFIX_HEADER = YES;
				GCC_PREFIX_HEADER = "AVN/AVN-Prefix.pch";
				INFOPLIST_FILE = "AVN/AVN-Info.plist";
				IPHONEOS_DEPLOYMENT_TARGET = 6.0;
				PRODUCT_NAME = "$(TARGET_NAME)";
				PROVISIONING_PROFILE = "A586F0C0-5F39-4A5C-A722-80C488265F9E";
				WRAPPER_EXTENSION = app;
			};
			name = Release;
		};
		9B2A215518F5D3A20000B53B /* Debug */ = {
			isa = XCBuildConfiguration;
			buildSettings = {
				BUNDLE_LOADER = "$(BUILT_PRODUCTS_DIR)/AVN.app/AVN";
				FRAMEWORK_SEARCH_PATHS = (
					"$(SDKROOT)/Developer/Library/Frameworks",
					"$(inherited)",
					"$(DEVELOPER_FRAMEWORKS_DIR)",
				);
				GCC_PRECOMPILE_PREFIX_HEADER = YES;
				GCC_PREFIX_HEADER = "AVN/AVN-Prefix.pch";
				GCC_PREPROCESSOR_DEFINITIONS = (
					"DEBUG=1",
					"$(inherited)",
				);
				INFOPLIST_FILE = "AVNTests/AVNTests-Info.plist";
				PRODUCT_NAME = "$(TARGET_NAME)";
				TEST_HOST = "$(BUNDLE_LOADER)";
				WRAPPER_EXTENSION = xctest;
			};
			name = Debug;
		};
		9B2A215618F5D3A20000B53B /* Release */ = {
			isa = XCBuildConfiguration;
			buildSettings = {
				BUNDLE_LOADER = "$(BUILT_PRODUCTS_DIR)/AVN.app/AVN";
				FRAMEWORK_SEARCH_PATHS = (
					"$(SDKROOT)/Developer/Library/Frameworks",
					"$(inherited)",
					"$(DEVELOPER_FRAMEWORKS_DIR)",
				);
				GCC_PRECOMPILE_PREFIX_HEADER = YES;
				GCC_PREFIX_HEADER = "AVN/AVN-Prefix.pch";
				INFOPLIST_FILE = "AVNTests/AVNTests-Info.plist";
				PRODUCT_NAME = "$(TARGET_NAME)";
				TEST_HOST = "$(BUNDLE_LOADER)";
				WRAPPER_EXTENSION = xctest;
			};
			name = Release;
		};
/* End XCBuildConfiguration section */

/* Begin XCConfigurationList section */
		9B2A211718F5D3A20000B53B /* Build configuration list for PBXProject "AVN" */ = {
			isa = XCConfigurationList;
			buildConfigurations = (
				9B2A214F18F5D3A20000B53B /* Debug */,
				9B2A215018F5D3A20000B53B /* Release */,
			);
			defaultConfigurationIsVisible = 0;
			defaultConfigurationName = Release;
		};
		9B2A215118F5D3A20000B53B /* Build configuration list for PBXNativeTarget "AVN" */ = {
			isa = XCConfigurationList;
			buildConfigurations = (
				9B2A215218F5D3A20000B53B /* Debug */,
				9B2A215318F5D3A20000B53B /* Release */,
			);
			defaultConfigurationIsVisible = 0;
			defaultConfigurationName = Release;
		};
		9B2A215418F5D3A20000B53B /* Build configuration list for PBXNativeTarget "AVNTests" */ = {
			isa = XCConfigurationList;
			buildConfigurations = (
				9B2A215518F5D3A20000B53B /* Debug */,
				9B2A215618F5D3A20000B53B /* Release */,
			);
			defaultConfigurationIsVisible = 0;
			defaultConfigurationName = Release;
		};
/* End XCConfigurationList section */
	};
	rootObject = 9B2A211418F5D3A20000B53B /* Project object */;
}
